
Microsoft Visual Studio Solution File, Format Version 12.00
# Visual Studio 14
VisualStudioVersion = 14.0.23107.0
MinimumVisualStudioVersion = 10.0.40219.1
Project("{FAE04EC0-301F-11D3-BF4B-00C04F79EFBC}") = "DOA", "DOA\DOA.csproj", "{569F9321-920A-454D-958C-B73FBBCFF656}"
EndProject
Project("{FAE04EC0-301F-11D3-BF4B-00C04F79EFBC}") = "OrderDOA", "OrderDOA\OrderDOA.csproj", "{D195CB98-B988-4079-947F-F2D6A6E368C0}"
EndProject
Project("{FAE04EC0-301F-11D3-BF4B-00C04F79EFBC}") = "NAVDOA", "NAVDOA\NAVDOA.csproj", "{B3D44025-F06A-4948-BDF3-31CC4AC9C8CF}"
EndProject
Project("{FAE04EC0-301F-11D3-BF4B-00C04F79EFBC}") = "Feasibility DOA", "Feasibility DOA\Feasibility DOA.csproj", "{30C50C10-40EA-4C5E-8B24-8EB50C89683F}"
EndProject
Global
	GlobalSection(SolutionConfigurationPlatforms) = preSolution
		Debug|Any CPU = Debug|Any CPU
		Release|Any CPU = Release|Any CPU
	EndGlobalSection
	GlobalSection(ProjectConfigurationPlatforms) = postSolution
		{569F9321-920A-454D-958C-B73FBBCFF656}.Debug|Any CPU.ActiveCfg = Debug|Any CPU
		{569F9321-920A-454D-958C-B73FBBCFF656}.Debug|Any CPU.Build.0 = Debug|Any CPU
		{569F9321-920A-454D-958C-B73FBBCFF656}.Release|Any CPU.ActiveCfg = Release|Any CPU
		{569F9321-920A-454D-958C-B73FBBCFF656}.Release|Any CPU.Build.0 = Release|Any CPU
		{D195CB98-B988-4079-947F-F2D6A6E368C0}.Debug|Any CPU.ActiveCfg = Debug|Any CPU
		{D195CB98-B988-4079-947F-F2D6A6E368C0}.Debug|Any CPU.Build.0 = Debug|Any CPU
		{D195CB98-B988-4079-947F-F2D6A6E368C0}.Release|Any CPU.ActiveCfg = Release|Any CPU
		{D195CB98-B988-4079-947F-F2D6A6E368C0}.Release|Any CPU.Build.0 = Release|Any CPU
		{B3D44025-F06A-4948-BDF3-31CC4AC9C8CF}.Debug|Any CPU.ActiveCfg = Debug|Any CPU
		{B3D44025-F06A-4948-BDF3-31CC4AC9C8CF}.Debug|Any CPU.Build.0 = Debug|Any CPU
		{B3D44025-F06A-4948-BDF3-31CC4AC9C8CF}.Release|Any CPU.ActiveCfg = Release|Any CPU
		{B3D44025-F06A-4948-BDF3-31CC4AC9C8CF}.Release|Any CPU.Build.0 = Release|Any CPU
		{30C50C10-40EA-4C5E-8B24-8EB50C89683F}.Debug|Any CPU.ActiveCfg = Debug|Any CPU
		{30C50C10-40EA-4C5E-8B24-8EB50C89683F}.Debug|Any CPU.Build.0 = Debug|Any CPU
		{30C50C10-40EA-4C5E-8B24-8EB50C89683F}.Release|Any CPU.ActiveCfg = Release|Any CPU
		{30C50C10-40EA-4C5E-8B24-8EB50C89683F}.Release|Any CPU.Build.0 = Release|Any CPU
	EndGlobalSection
	GlobalSection(SolutionProperties) = preSolution
		HideSolutionNode = FALSE
	EndGlobalSection
	GlobalSection(ExtensibilityGlobals) = postSolution
		SolutionGuid = {36F95878-EA8C-44F6-A29C-2BB30567EAEE}
	EndGlobalSection
EndGlobal
